
Microsoft Visual Studio Solution File, Format Version 12.00
# Visual Studio Version 16
VisualStudioVersion = 16.0.31702.278
MinimumVisualStudioVersion = 10.0.40219.1
Project("{FAE04EC0-301F-11D3-BF4B-00C04F79EFBC}") = "HW1WpfApp", "HW1WpfApp\HW1WpfApp.csproj", "{CFA63CC1-FD73-4B82-8BE3-0CB008B097A9}"
EndProject
Global
	GlobalSection(SolutionConfigurationPlatforms) = preSolution
		Debug|Any CPU = Debug|Any CPU
		Release|Any CPU = Release|Any CPU
	EndGlobalSection
	GlobalSection(ProjectConfigurationPlatforms) = postSolution
		{CFA63CC1-FD73-4B82-8BE3-0CB008B097A9}.Debug|Any CPU.ActiveCfg = Debug|Any CPU
		{CFA63CC1-FD73-4B82-8BE3-0CB008B097A9}.Debug|Any CPU.Build.0 = Debug|Any CPU
		{CFA63CC1-FD73-4B82-8BE3-0CB008B097A9}.Release|Any CPU.ActiveCfg = Release|Any CPU
		{CFA63CC1-FD73-4B82-8BE3-0CB008B097A9}.Release|Any CPU.Build.0 = Release|Any CPU
	EndGlobalSection
	GlobalSection(SolutionProperties) = preSolution
		HideSolutionNode = FALSE
	EndGlobalSection
	GlobalSection(ExtensibilityGlobals) = postSolution
		SolutionGuid = {C8D3B446-3C84-4848-9092-AD1AA3146487}
	EndGlobalSection
EndGlobal
